
Microsoft Visual Studio Solution File, Format Version 12.00
Project("{FAE04EC0-301F-11D3-BF4B-00C04F79EFBC}") = "Workplanner", "Workplanner.csproj", "{5E629C83-B07B-430C-A94A-3A507B4F14BF}"
EndProject
Global
	GlobalSection(SolutionConfigurationPlatforms) = preSolution
		Debug|Any CPU = Debug|Any CPU
		Release|Any CPU = Release|Any CPU
	EndGlobalSection
	GlobalSection(ProjectConfigurationPlatforms) = postSolution
		{5E629C83-B07B-430C-A94A-3A507B4F14BF}.Debug|Any CPU.ActiveCfg = Debug|Any CPU
		{5E629C83-B07B-430C-A94A-3A507B4F14BF}.Debug|Any CPU.Build.0 = Debug|Any CPU
		{5E629C83-B07B-430C-A94A-3A507B4F14BF}.Release|Any CPU.ActiveCfg = Release|Any CPU
		{5E629C83-B07B-430C-A94A-3A507B4F14BF}.Release|Any CPU.Build.0 = Release|Any CPU
	EndGlobalSection
EndGlobal
